# This file is automatically @generated by Poetry 2.2.1 and should not be changed by hand.

[[package]]
name = "chroma"
version = "0.2.0"
description = "Color handling made simple."
optional = false
python-versions = "*"
groups = ["main"]
files = [
    {file = "Chroma-0.2.0.tar.gz", hash = "sha256:e265bcd503e2b35c4448b83257467166c252ecf3ab610492432780691cdfb286"},
]

[metadata]
lock-version = "2.1"
python-versions = ">=3.12"
content-hash = "74b4cb97425a378b8a9c7ede51daa8bb9144db0b97e8a4ae734baa540686135b"
